
Microsoft Visual Studio Solution File, Format Version 12.00
# Visual Studio 15
VisualStudioVersion = 15.0.28010.2041
MinimumVisualStudioVersion = 10.0.40219.1
Project("{FAE04EC0-301F-11D3-BF4B-00C04F79EFBC}") = "OnlineShop", "OnlineShop\OnlineShop.csproj", "{301CA4D9-6CCE-475E-B71C-FCB3DA040438}"
EndProject
Project("{FAE04EC0-301F-11D3-BF4B-00C04F79EFBC}") = "Model", "Model\Model.csproj", "{50529208-BD0D-4C98-A70C-D472BF41F07A}"
EndProject
Global
	GlobalSection(SolutionConfigurationPlatforms) = preSolution
		Debug|Any CPU = Debug|Any CPU
		Release|Any CPU = Release|Any CPU
	EndGlobalSection
	GlobalSection(ProjectConfigurationPlatforms) = postSolution
		{301CA4D9-6CCE-475E-B71C-FCB3DA040438}.Debug|Any CPU.ActiveCfg = Debug|Any CPU
		{301CA4D9-6CCE-475E-B71C-FCB3DA040438}.Debug|Any CPU.Build.0 = Debug|Any CPU
		{301CA4D9-6CCE-475E-B71C-FCB3DA040438}.Release|Any CPU.ActiveCfg = Release|Any CPU
		{301CA4D9-6CCE-475E-B71C-FCB3DA040438}.Release|Any CPU.Build.0 = Release|Any CPU
		{50529208-BD0D-4C98-A70C-D472BF41F07A}.Debug|Any CPU.ActiveCfg = Debug|Any CPU
		{50529208-BD0D-4C98-A70C-D472BF41F07A}.Debug|Any CPU.Build.0 = Debug|Any CPU
		{50529208-BD0D-4C98-A70C-D472BF41F07A}.Release|Any CPU.ActiveCfg = Release|Any CPU
		{50529208-BD0D-4C98-A70C-D472BF41F07A}.Release|Any CPU.Build.0 = Release|Any CPU
	EndGlobalSection
	GlobalSection(SolutionProperties) = preSolution
		HideSolutionNode = FALSE
	EndGlobalSection
	GlobalSection(ExtensibilityGlobals) = postSolution
		SolutionGuid = {DDA6840F-91AB-4DEA-9E91-7E4EA21059E8}
	EndGlobalSection
EndGlobal
